
Microsoft Visual Studio Solution File, Format Version 12.00
Project("{FAE04EC0-301F-11D3-BF4B-00C04F79EFBC}") = "Resieve", "Resieve\Resieve.csproj", "{3EA5C414-6CF6-4529-8712-A95393033C34}"
EndProject
Project("{FAE04EC0-301F-11D3-BF4B-00C04F79EFBC}") = "Resieve.Example", "Resieve.Example\Resieve.Example.csproj", "{A7DBEE57-A878-47A7-95D7-06BCB0FD8FAF}"
EndProject
Project("{FAE04EC0-301F-11D3-BF4B-00C04F79EFBC}") = "Resieve.Tests", "Resieve.Tests\Resieve.Tests.csproj", "{58B2F913-9663-4653-A791-8AB2852F5E4C}"
EndProject
Global
	GlobalSection(SolutionConfigurationPlatforms) = preSolution
		Debug|Any CPU = Debug|Any CPU
		Release|Any CPU = Release|Any CPU
	EndGlobalSection
	GlobalSection(ProjectConfigurationPlatforms) = postSolution
		{3EA5C414-6CF6-4529-8712-A95393033C34}.Debug|Any CPU.ActiveCfg = Debug|Any CPU
		{3EA5C414-6CF6-4529-8712-A95393033C34}.Debug|Any CPU.Build.0 = Debug|Any CPU
		{3EA5C414-6CF6-4529-8712-A95393033C34}.Release|Any CPU.ActiveCfg = Release|Any CPU
		{3EA5C414-6CF6-4529-8712-A95393033C34}.Release|Any CPU.Build.0 = Release|Any CPU
		{A7DBEE57-A878-47A7-95D7-06BCB0FD8FAF}.Debug|Any CPU.ActiveCfg = Debug|Any CPU
		{A7DBEE57-A878-47A7-95D7-06BCB0FD8FAF}.Debug|Any CPU.Build.0 = Debug|Any CPU
		{A7DBEE57-A878-47A7-95D7-06BCB0FD8FAF}.Release|Any CPU.ActiveCfg = Release|Any CPU
		{A7DBEE57-A878-47A7-95D7-06BCB0FD8FAF}.Release|Any CPU.Build.0 = Release|Any CPU
		{58B2F913-9663-4653-A791-8AB2852F5E4C}.Debug|Any CPU.ActiveCfg = Debug|Any CPU
		{58B2F913-9663-4653-A791-8AB2852F5E4C}.Debug|Any CPU.Build.0 = Debug|Any CPU
		{58B2F913-9663-4653-A791-8AB2852F5E4C}.Release|Any CPU.ActiveCfg = Release|Any CPU
		{58B2F913-9663-4653-A791-8AB2852F5E4C}.Release|Any CPU.Build.0 = Release|Any CPU
	EndGlobalSection
EndGlobal
